// !$*UTF8*$!
{
	archiveVersion = 1;
	classes = {
	};
	objectVersion = 55;
	objects = {

/* Begin PBXBuildFile section */
		44FAEB2A28E7346A00A955EA /* TimetoLoseApp.swift in Sources */ = {isa = PBXBuildFile; fileRef = 44FAEB2928E7346A00A955EA /* TimetoLoseApp.swift */; };
		44FAEB2E28E7346D00A955EA /* Assets.xcassets in Resources */ = {isa = PBXBuildFile; fileRef = 44FAEB2D28E7346D00A955EA /* Assets.xcassets */; };
		44FAEB3128E7346D00A955EA /* Preview Assets.xcassets in Resources */ = {isa = PBXBuildFile; fileRef = 44FAEB3028E7346D00A955EA /* Preview Assets.xcassets */; };
		44FAEB3328E7346D00A955EA /* Persistence.swift in Sources */ = {isa = PBXBuildFile; fileRef = 44FAEB3228E7346D00A955EA /* Persistence.swift */; };
		44FAEB3628E7346D00A955EA /* TimetoLose.xcdatamodeld in Sources */ = {isa = PBXBuildFile; fileRef = 44FAEB3428E7346D00A955EA /* TimetoLose.xcdatamodeld */; };
		7C0056BF2935C74800CA6464 /* ComponentMultipleSelectionPrimaryButton.swift in Sources */ = {isa = PBXBuildFile; fileRef = 7C0056BE2935C74800CA6464 /* ComponentMultipleSelectionPrimaryButton.swift */; };
		7C0056C22935D04000CA6464 /* GenderView.swift in Sources */ = {isa = PBXBuildFile; fileRef = 7C0056C12935D04000CA6464 /* GenderView.swift */; };
		7C8571C12936623E001154EF /* ActivityLevelView.swift in Sources */ = {isa = PBXBuildFile; fileRef = 7C8571C02936623E001154EF /* ActivityLevelView.swift */; };
		7C8571C429366286001154EF /* ComponentButtonWithHintView.swift in Sources */ = {isa = PBXBuildFile; fileRef = 7C8571C329366286001154EF /* ComponentButtonWithHintView.swift */; };
		7C8571C72936676B001154EF /* SpecificDietView.swift in Sources */ = {isa = PBXBuildFile; fileRef = 7C8571C62936676B001154EF /* SpecificDietView.swift */; };
		7C8571CA29366A19001154EF /* AnySnackView.swift in Sources */ = {isa = PBXBuildFile; fileRef = 7C8571C929366A19001154EF /* AnySnackView.swift */; };
		7C8571CD29366C62001154EF /* AnyDiseaseView.swift in Sources */ = {isa = PBXBuildFile; fileRef = 7C8571CC29366C62001154EF /* AnyDiseaseView.swift */; };
		7CFF756E2933715D001F0D5F /* BaseLabelProtocol.swift in Sources */ = {isa = PBXBuildFile; fileRef = 7CFF756D2933715D001F0D5F /* BaseLabelProtocol.swift */; };
		7CFF7578293371A3001F0D5F /* ComponentLabelBody.swift in Sources */ = {isa = PBXBuildFile; fileRef = 7CFF7575293371A3001F0D5F /* ComponentLabelBody.swift */; };
		7CFF7579293371A3001F0D5F /* ComponentLabelHeader.swift in Sources */ = {isa = PBXBuildFile; fileRef = 7CFF7577293371A3001F0D5F /* ComponentLabelHeader.swift */; };
		7CFF7587293371D0001F0D5F /* Roboto-Medium.ttf in Resources */ = {isa = PBXBuildFile; fileRef = 7CFF757C293371D0001F0D5F /* Roboto-Medium.ttf */; };
		7CFF7588293371D0001F0D5F /* Roboto-Light.ttf in Resources */ = {isa = PBXBuildFile; fileRef = 7CFF757D293371D0001F0D5F /* Roboto-Light.ttf */; };
		7CFF7589293371D0001F0D5F /* Roboto-Regular.ttf in Resources */ = {isa = PBXBuildFile; fileRef = 7CFF757E293371D0001F0D5F /* Roboto-Regular.ttf */; };
		7CFF758A293371D0001F0D5F /* Roboto-MediumItalic.ttf in Resources */ = {isa = PBXBuildFile; fileRef = 7CFF757F293371D0001F0D5F /* Roboto-MediumItalic.ttf */; };
		7CFF758B293371D0001F0D5F /* Roboto-ThinItalic.ttf in Resources */ = {isa = PBXBuildFile; fileRef = 7CFF7580293371D0001F0D5F /* Roboto-ThinItalic.ttf */; };
		7CFF758C293371D0001F0D5F /* Roboto-LightItalic.ttf in Resources */ = {isa = PBXBuildFile; fileRef = 7CFF7581293371D0001F0D5F /* Roboto-LightItalic.ttf */; };
		7CFF758D293371D0001F0D5F /* Roboto-Italic.ttf in Resources */ = {isa = PBXBuildFile; fileRef = 7CFF7582293371D0001F0D5F /* Roboto-Italic.ttf */; };
		7CFF758E293371D0001F0D5F /* Roboto-BlackItalic.ttf in Resources */ = {isa = PBXBuildFile; fileRef = 7CFF7583293371D0001F0D5F /* Roboto-BlackItalic.ttf */; };
		7CFF758F293371D0001F0D5F /* Roboto-Bold.ttf in Resources */ = {isa = PBXBuildFile; fileRef = 7CFF7584293371D0001F0D5F /* Roboto-Bold.ttf */; };
		7CFF7590293371D0001F0D5F /* Roboto-Thin.ttf in Resources */ = {isa = PBXBuildFile; fileRef = 7CFF7585293371D0001F0D5F /* Roboto-Thin.ttf */; };
		7CFF7591293371D0001F0D5F /* Roboto-Black.ttf in Resources */ = {isa = PBXBuildFile; fileRef = 7CFF7586293371D0001F0D5F /* Roboto-Black.ttf */; };
		7CFF75952933745C001F0D5F /* Font+Extension.swift in Sources */ = {isa = PBXBuildFile; fileRef = 7CFF75942933745C001F0D5F /* Font+Extension.swift */; };
		7CFF7597293375E3001F0D5F /* GoalView.swift in Sources */ = {isa = PBXBuildFile; fileRef = 7CFF7596293375E3001F0D5F /* GoalView.swift */; };
		7CFF75992933779E001F0D5F /* Color+Extension.swift in Sources */ = {isa = PBXBuildFile; fileRef = 7CFF75982933779E001F0D5F /* Color+Extension.swift */; };
		7CFF759B29337813001F0D5F /* Colors.xcassets in Resources */ = {isa = PBXBuildFile; fileRef = 7CFF759A29337813001F0D5F /* Colors.xcassets */; };
		7CFF759F29337A03001F0D5F /* ComponentPrimaryButton.swift in Sources */ = {isa = PBXBuildFile; fileRef = 7CFF759E29337A03001F0D5F /* ComponentPrimaryButton.swift */; };
		7CFF75A129337A2A001F0D5F /* CGFloat+Extension.swift in Sources */ = {isa = PBXBuildFile; fileRef = 7CFF75A029337A2A001F0D5F /* CGFloat+Extension.swift */; };
		7CFF75A329337B9D001F0D5F /* UIScreen+Extension.swift in Sources */ = {isa = PBXBuildFile; fileRef = 7CFF75A229337B9D001F0D5F /* UIScreen+Extension.swift */; };
		7CFF75A729337D31001F0D5F /* ComponentDivider.swift in Sources */ = {isa = PBXBuildFile; fileRef = 7CFF75A629337D31001F0D5F /* ComponentDivider.swift */; };
		7CFF75AA29337D36001F0D5F /* ComponentSpacer.swift in Sources */ = {isa = PBXBuildFile; fileRef = 7CFF75A929337D36001F0D5F /* ComponentSpacer.swift */; };
		B6E3E428293343D30036ECE2 /* NetworkConnection.swift in Sources */ = {isa = PBXBuildFile; fileRef = B6E3E427293343D30036ECE2 /* NetworkConnection.swift */; };
		B6E3E42A293343DF0036ECE2 /* NetworkConstants.swift in Sources */ = {isa = PBXBuildFile; fileRef = B6E3E429293343DF0036ECE2 /* NetworkConstants.swift */; };
		B6E3E42C293344010036ECE2 /* NetworkModel.swift in Sources */ = {isa = PBXBuildFile; fileRef = B6E3E42B293344010036ECE2 /* NetworkModel.swift */; };
		B6E3E42E2933440F0036ECE2 /* ApiManager.swift in Sources */ = {isa = PBXBuildFile; fileRef = B6E3E42D2933440F0036ECE2 /* ApiManager.swift */; };
		B6E3E430293345520036ECE2 /* Service.swift in Sources */ = {isa = PBXBuildFile; fileRef = B6E3E42F293345520036ECE2 /* Service.swift */; };
		B6E3E435293347370036ECE2 /* DashboardView.swift in Sources */ = {isa = PBXBuildFile; fileRef = B6E3E434293347370036ECE2 /* DashboardView.swift */; };
		B6E3E437293347490036ECE2 /* DashboardModel.swift in Sources */ = {isa = PBXBuildFile; fileRef = B6E3E436293347490036ECE2 /* DashboardModel.swift */; };
		B6E3E4392933475A0036ECE2 /* ProfileView.swift in Sources */ = {isa = PBXBuildFile; fileRef = B6E3E4382933475A0036ECE2 /* ProfileView.swift */; };
		B6E3E43B293347660036ECE2 /* ProfileModel.swift in Sources */ = {isa = PBXBuildFile; fileRef = B6E3E43A293347660036ECE2 /* ProfileModel.swift */; };
		B6E3E43D293347750036ECE2 /* ProfileService.swift in Sources */ = {isa = PBXBuildFile; fileRef = B6E3E43C293347750036ECE2 /* ProfileService.swift */; };
		B6E3E44029334B590036ECE2 /* AppText.swift in Sources */ = {isa = PBXBuildFile; fileRef = B6E3E43F29334B590036ECE2 /* AppText.swift */; };
		B6E3E44229334B690036ECE2 /* AppIcon.swift in Sources */ = {isa = PBXBuildFile; fileRef = B6E3E44129334B690036ECE2 /* AppIcon.swift */; };
		B6E3E447293384400036ECE2 /* ProcessCircleView.swift in Sources */ = {isa = PBXBuildFile; fileRef = B6E3E446293384400036ECE2 /* ProcessCircleView.swift */; };
		B6E3E44A293393930036ECE2 /* SummaryDayView.swift in Sources */ = {isa = PBXBuildFile; fileRef = B6E3E449293393930036ECE2 /* SummaryDayView.swift */; };
		B6E3E44D2933FD5C0036ECE2 /* BottomMenuView.swift in Sources */ = {isa = PBXBuildFile; fileRef = B6E3E44C2933FD5C0036ECE2 /* BottomMenuView.swift */; };
		B6E3E45329354A9D0036ECE2 /* WeeklyStreakView.swift in Sources */ = {isa = PBXBuildFile; fileRef = B6E3E45229354A9D0036ECE2 /* WeeklyStreakView.swift */; };
		B6E3E456293560540036ECE2 /* FoodRecipesView.swift in Sources */ = {isa = PBXBuildFile; fileRef = B6E3E455293560540036ECE2 /* FoodRecipesView.swift */; };
		B6E3E459293562E60036ECE2 /* LabelImageView.swift in Sources */ = {isa = PBXBuildFile; fileRef = B6E3E458293562E60036ECE2 /* LabelImageView.swift */; };
		B6E3E46C293688170036ECE2 /* RoundedCorners.swift in Sources */ = {isa = PBXBuildFile; fileRef = B6E3E46B293688170036ECE2 /* RoundedCorners.swift */; };
		B6E9C6162937FAC60077A2FB /* TabView.swift in Sources */ = {isa = PBXBuildFile; fileRef = B6E9C6152937FAC60077A2FB /* TabView.swift */; };
		B6E9C625293A1BBF0077A2FB /* WeeklyStatusView.swift in Sources */ = {isa = PBXBuildFile; fileRef = B6E9C624293A1BBF0077A2FB /* WeeklyStatusView.swift */; };
		B6E9C63B293A1C4A0077A2FB /* Helpers.swift in Sources */ = {isa = PBXBuildFile; fileRef = B6E9C627293A1C490077A2FB /* Helpers.swift */; };
		B6E9C63C293A1C4A0077A2FB /* IndicatorPoint.swift in Sources */ = {isa = PBXBuildFile; fileRef = B6E9C629293A1C4A0077A2FB /* IndicatorPoint.swift */; };
		B6E9C63D293A1C4A0077A2FB /* LineView.swift in Sources */ = {isa = PBXBuildFile; fileRef = B6E9C62A293A1C4A0077A2FB /* LineView.swift */; };
		B6E9C63E293A1C4A0077A2FB /* Legend.swift in Sources */ = {isa = PBXBuildFile; fileRef = B6E9C62B293A1C4A0077A2FB /* Legend.swift */; };
		B6E9C63F293A1C4A0077A2FB /* LineChartView.swift in Sources */ = {isa = PBXBuildFile; fileRef = B6E9C62C293A1C4A0077A2FB /* LineChartView.swift */; };
		B6E9C640293A1C4A0077A2FB /* MagnifierRect.swift in Sources */ = {isa = PBXBuildFile; fileRef = B6E9C62D293A1C4A0077A2FB /* MagnifierRect.swift */; };
		B6E9C641293A1C4A0077A2FB /* Path+QuadCurve.swift in Sources */ = {isa = PBXBuildFile; fileRef = B6E9C62E293A1C4A0077A2FB /* Path+QuadCurve.swift */; };
		B6E9C642293A1C4A0077A2FB /* MultiLineChartView.swift in Sources */ = {isa = PBXBuildFile; fileRef = B6E9C62F293A1C4A0077A2FB /* MultiLineChartView.swift */; };
		B6E9C643293A1C4A0077A2FB /* Line.swift in Sources */ = {isa = PBXBuildFile; fileRef = B6E9C630293A1C4A0077A2FB /* Line.swift */; };
		B6E9C644293A1C4A0077A2FB /* PieChartRow.swift in Sources */ = {isa = PBXBuildFile; fileRef = B6E9C632293A1C4A0077A2FB /* PieChartRow.swift */; };
		B6E9C645293A1C4A0077A2FB /* PieChartHelpers.swift in Sources */ = {isa = PBXBuildFile; fileRef = B6E9C633293A1C4A0077A2FB /* PieChartHelpers.swift */; };
		B6E9C646293A1C4A0077A2FB /* PieChartCell.swift in Sources */ = {isa = PBXBuildFile; fileRef = B6E9C634293A1C4A0077A2FB /* PieChartCell.swift */; };
		B6E9C647293A1C4A0077A2FB /* PieChartView.swift in Sources */ = {isa = PBXBuildFile; fileRef = B6E9C635293A1C4A0077A2FB /* PieChartView.swift */; };
		B6E9C648293A1C4A0077A2FB /* BarChartView.swift in Sources */ = {isa = PBXBuildFile; fileRef = B6E9C637293A1C4A0077A2FB /* BarChartView.swift */; };
		B6E9C649293A1C4A0077A2FB /* BarChartRow.swift in Sources */ = {isa = PBXBuildFile; fileRef = B6E9C638293A1C4A0077A2FB /* BarChartRow.swift */; };
		B6E9C64A293A1C4A0077A2FB /* LabelView.swift in Sources */ = {isa = PBXBuildFile; fileRef = B6E9C639293A1C4A0077A2FB /* LabelView.swift */; };
		B6E9C64B293A1C4A0077A2FB /* BarChartCell.swift in Sources */ = {isa = PBXBuildFile; fileRef = B6E9C63A293A1C4A0077A2FB /* BarChartCell.swift */; };
		B6E9C64E293A85500077A2FB /* CaloriesStatusView.swift in Sources */ = {isa = PBXBuildFile; fileRef = B6E9C64D293A85500077A2FB /* CaloriesStatusView.swift */; };
		B6E9C650293A855E0077A2FB /* LabelButtonView.swift in Sources */ = {isa = PBXBuildFile; fileRef = B6E9C64F293A855E0077A2FB /* LabelButtonView.swift */; };
		B6E9C653293A9CA20077A2FB /* WaterView.swift in Sources */ = {isa = PBXBuildFile; fileRef = B6E9C652293A9CA20077A2FB /* WaterView.swift */; };
		B6E9C656293AB04E0077A2FB /* MeasureView.swift in Sources */ = {isa = PBXBuildFile; fileRef = B6E9C655293AB04E0077A2FB /* MeasureView.swift */; };
		B6E9C659293B503A0077A2FB /* BodyMeasureView.swift in Sources */ = {isa = PBXBuildFile; fileRef = B6E9C658293B503A0077A2FB /* BodyMeasureView.swift */; };
		B6E9C65C293B50500077A2FB /* ActivityView.swift in Sources */ = {isa = PBXBuildFile; fileRef = B6E9C65B293B50500077A2FB /* ActivityView.swift */; };
/* End PBXBuildFile section */

/* Begin PBXFileReference section */
		44FAEB2628E7346A00A955EA /* TimetoLose.app */ = {isa = PBXFileReference; explicitFileType = wrapper.application; includeInIndex = 0; path = TimetoLose.app; sourceTree = BUILT_PRODUCTS_DIR; };
		44FAEB2928E7346A00A955EA /* TimetoLoseApp.swift */ = {isa = PBXFileReference; lastKnownFileType = sourcecode.swift; path = TimetoLoseApp.swift; sourceTree = "<group>"; };
		44FAEB2D28E7346D00A955EA /* Assets.xcassets */ = {isa = PBXFileReference; lastKnownFileType = folder.assetcatalog; path = Assets.xcassets; sourceTree = "<group>"; };
		44FAEB3028E7346D00A955EA /* Preview Assets.xcassets */ = {isa = PBXFileReference; lastKnownFileType = folder.assetcatalog; path = "Preview Assets.xcassets"; sourceTree = "<group>"; };
		44FAEB3228E7346D00A955EA /* Persistence.swift */ = {isa = PBXFileReference; lastKnownFileType = sourcecode.swift; path = Persistence.swift; sourceTree = "<group>"; };
		44FAEB3528E7346D00A955EA /* TimetoLose.xcdatamodel */ = {isa = PBXFileReference; lastKnownFileType = wrapper.xcdatamodel; path = TimetoLose.xcdatamodel; sourceTree = "<group>"; };
		7C0056BE2935C74800CA6464 /* ComponentMultipleSelectionPrimaryButton.swift */ = {isa = PBXFileReference; lastKnownFileType = sourcecode.swift; path = ComponentMultipleSelectionPrimaryButton.swift; sourceTree = "<group>"; };
		7C0056C12935D04000CA6464 /* GenderView.swift */ = {isa = PBXFileReference; lastKnownFileType = sourcecode.swift; path = GenderView.swift; sourceTree = "<group>"; };
		7C8571C02936623E001154EF /* ActivityLevelView.swift */ = {isa = PBXFileReference; lastKnownFileType = sourcecode.swift; path = ActivityLevelView.swift; sourceTree = "<group>"; };
		7C8571C329366286001154EF /* ComponentButtonWithHintView.swift */ = {isa = PBXFileReference; lastKnownFileType = sourcecode.swift; path = ComponentButtonWithHintView.swift; sourceTree = "<group>"; };
		7C8571C62936676B001154EF /* SpecificDietView.swift */ = {isa = PBXFileReference; lastKnownFileType = sourcecode.swift; path = SpecificDietView.swift; sourceTree = "<group>"; };
		7C8571C929366A19001154EF /* AnySnackView.swift */ = {isa = PBXFileReference; lastKnownFileType = sourcecode.swift; path = AnySnackView.swift; sourceTree = "<group>"; };
		7C8571CC29366C62001154EF /* AnyDiseaseView.swift */ = {isa = PBXFileReference; lastKnownFileType = sourcecode.swift; path = AnyDiseaseView.swift; sourceTree = "<group>"; };
		7CFF756D2933715D001F0D5F /* BaseLabelProtocol.swift */ = {isa = PBXFileReference; fileEncoding = 4; lastKnownFileType = sourcecode.swift; path = BaseLabelProtocol.swift; sourceTree = "<group>"; };
		7CFF7575293371A3001F0D5F /* ComponentLabelBody.swift */ = {isa = PBXFileReference; fileEncoding = 4; lastKnownFileType = sourcecode.swift; path = ComponentLabelBody.swift; sourceTree = "<group>"; };
		7CFF7577293371A3001F0D5F /* ComponentLabelHeader.swift */ = {isa = PBXFileReference; fileEncoding = 4; lastKnownFileType = sourcecode.swift; path = ComponentLabelHeader.swift; sourceTree = "<group>"; };
		7CFF757C293371D0001F0D5F /* Roboto-Medium.ttf */ = {isa = PBXFileReference; lastKnownFileType = file; path = "Roboto-Medium.ttf"; sourceTree = "<group>"; };
		7CFF757D293371D0001F0D5F /* Roboto-Light.ttf */ = {isa = PBXFileReference; lastKnownFileType = file; path = "Roboto-Light.ttf"; sourceTree = "<group>"; };
		7CFF757E293371D0001F0D5F /* Roboto-Regular.ttf */ = {isa = PBXFileReference; lastKnownFileType = file; path = "Roboto-Regular.ttf"; sourceTree = "<group>"; };
		7CFF757F293371D0001F0D5F /* Roboto-MediumItalic.ttf */ = {isa = PBXFileReference; lastKnownFileType = file; path = "Roboto-MediumItalic.ttf"; sourceTree = "<group>"; };
		7CFF7580293371D0001F0D5F /* Roboto-ThinItalic.ttf */ = {isa = PBXFileReference; lastKnownFileType = file; path = "Roboto-ThinItalic.ttf"; sourceTree = "<group>"; };
		7CFF7581293371D0001F0D5F /* Roboto-LightItalic.ttf */ = {isa = PBXFileReference; lastKnownFileType = file; path = "Roboto-LightItalic.ttf"; sourceTree = "<group>"; };
		7CFF7582293371D0001F0D5F /* Roboto-Italic.ttf */ = {isa = PBXFileReference; lastKnownFileType = file; path = "Roboto-Italic.ttf"; sourceTree = "<group>"; };
		7CFF7583293371D0001F0D5F /* Roboto-BlackItalic.ttf */ = {isa = PBXFileReference; lastKnownFileType = file; path = "Roboto-BlackItalic.ttf"; sourceTree = "<group>"; };
		7CFF7584293371D0001F0D5F /* Roboto-Bold.ttf */ = {isa = PBXFileReference; lastKnownFileType = file; path = "Roboto-Bold.ttf"; sourceTree = "<group>"; };
		7CFF7585293371D0001F0D5F /* Roboto-Thin.ttf */ = {isa = PBXFileReference; lastKnownFileType = file; path = "Roboto-Thin.ttf"; sourceTree = "<group>"; };
		7CFF7586293371D0001F0D5F /* Roboto-Black.ttf */ = {isa = PBXFileReference; lastKnownFileType = file; path = "Roboto-Black.ttf"; sourceTree = "<group>"; };
		7CFF75922933737E001F0D5F /* Info.plist */ = {isa = PBXFileReference; lastKnownFileType = text.plist.xml; path = Info.plist; sourceTree = "<group>"; };
		7CFF75942933745C001F0D5F /* Font+Extension.swift */ = {isa = PBXFileReference; fileEncoding = 4; lastKnownFileType = sourcecode.swift; path = "Font+Extension.swift"; sourceTree = "<group>"; };
		7CFF7596293375E3001F0D5F /* GoalView.swift */ = {isa = PBXFileReference; lastKnownFileType = sourcecode.swift; path = GoalView.swift; sourceTree = "<group>"; };
		7CFF75982933779E001F0D5F /* Color+Extension.swift */ = {isa = PBXFileReference; lastKnownFileType = sourcecode.swift; path = "Color+Extension.swift"; sourceTree = "<group>"; };
		7CFF759A29337813001F0D5F /* Colors.xcassets */ = {isa = PBXFileReference; lastKnownFileType = folder.assetcatalog; path = Colors.xcassets; sourceTree = "<group>"; };
		7CFF759E29337A03001F0D5F /* ComponentPrimaryButton.swift */ = {isa = PBXFileReference; fileEncoding = 4; lastKnownFileType = sourcecode.swift; path = ComponentPrimaryButton.swift; sourceTree = "<group>"; };
		7CFF75A029337A2A001F0D5F /* CGFloat+Extension.swift */ = {isa = PBXFileReference; fileEncoding = 4; lastKnownFileType = sourcecode.swift; path = "CGFloat+Extension.swift"; sourceTree = "<group>"; };
		7CFF75A229337B9D001F0D5F /* UIScreen+Extension.swift */ = {isa = PBXFileReference; fileEncoding = 4; lastKnownFileType = sourcecode.swift; path = "UIScreen+Extension.swift"; sourceTree = "<group>"; };
		7CFF75A629337D31001F0D5F /* ComponentDivider.swift */ = {isa = PBXFileReference; fileEncoding = 4; lastKnownFileType = sourcecode.swift; path = ComponentDivider.swift; sourceTree = "<group>"; };
		7CFF75A929337D36001F0D5F /* ComponentSpacer.swift */ = {isa = PBXFileReference; fileEncoding = 4; lastKnownFileType = sourcecode.swift; path = ComponentSpacer.swift; sourceTree = "<group>"; };
		B6E3E427293343D30036ECE2 /* NetworkConnection.swift */ = {isa = PBXFileReference; lastKnownFileType = sourcecode.swift; path = NetworkConnection.swift; sourceTree = "<group>"; };
		B6E3E429293343DF0036ECE2 /* NetworkConstants.swift */ = {isa = PBXFileReference; lastKnownFileType = sourcecode.swift; path = NetworkConstants.swift; sourceTree = "<group>"; };
		B6E3E42B293344010036ECE2 /* NetworkModel.swift */ = {isa = PBXFileReference; lastKnownFileType = sourcecode.swift; path = NetworkModel.swift; sourceTree = "<group>"; };
		B6E3E42D2933440F0036ECE2 /* ApiManager.swift */ = {isa = PBXFileReference; lastKnownFileType = sourcecode.swift; path = ApiManager.swift; sourceTree = "<group>"; };
		B6E3E42F293345520036ECE2 /* Service.swift */ = {isa = PBXFileReference; lastKnownFileType = sourcecode.swift; path = Service.swift; sourceTree = "<group>"; };
		B6E3E434293347370036ECE2 /* DashboardView.swift */ = {isa = PBXFileReference; lastKnownFileType = sourcecode.swift; path = DashboardView.swift; sourceTree = "<group>"; };
		B6E3E436293347490036ECE2 /* DashboardModel.swift */ = {isa = PBXFileReference; lastKnownFileType = sourcecode.swift; path = DashboardModel.swift; sourceTree = "<group>"; };
		B6E3E4382933475A0036ECE2 /* ProfileView.swift */ = {isa = PBXFileReference; lastKnownFileType = sourcecode.swift; path = ProfileView.swift; sourceTree = "<group>"; };
		B6E3E43A293347660036ECE2 /* ProfileModel.swift */ = {isa = PBXFileReference; lastKnownFileType = sourcecode.swift; path = ProfileModel.swift; sourceTree = "<group>"; };
		B6E3E43C293347750036ECE2 /* ProfileService.swift */ = {isa = PBXFileReference; lastKnownFileType = sourcecode.swift; path = ProfileService.swift; sourceTree = "<group>"; };
		B6E3E43F29334B590036ECE2 /* AppText.swift */ = {isa = PBXFileReference; lastKnownFileType = sourcecode.swift; path = AppText.swift; sourceTree = "<group>"; };
		B6E3E44129334B690036ECE2 /* AppIcon.swift */ = {isa = PBXFileReference; lastKnownFileType = sourcecode.swift; path = AppIcon.swift; sourceTree = "<group>"; };
		B6E3E446293384400036ECE2 /* ProcessCircleView.swift */ = {isa = PBXFileReference; lastKnownFileType = sourcecode.swift; path = ProcessCircleView.swift; sourceTree = "<group>"; };
		B6E3E449293393930036ECE2 /* SummaryDayView.swift */ = {isa = PBXFileReference; lastKnownFileType = sourcecode.swift; path = SummaryDayView.swift; sourceTree = "<group>"; };
		B6E3E44C2933FD5C0036ECE2 /* BottomMenuView.swift */ = {isa = PBXFileReference; lastKnownFileType = sourcecode.swift; path = BottomMenuView.swift; sourceTree = "<group>"; };
		B6E3E45229354A9D0036ECE2 /* WeeklyStreakView.swift */ = {isa = PBXFileReference; lastKnownFileType = sourcecode.swift; path = WeeklyStreakView.swift; sourceTree = "<group>"; };
		B6E3E455293560540036ECE2 /* FoodRecipesView.swift */ = {isa = PBXFileReference; lastKnownFileType = sourcecode.swift; path = FoodRecipesView.swift; sourceTree = "<group>"; };
		B6E3E458293562E60036ECE2 /* LabelImageView.swift */ = {isa = PBXFileReference; lastKnownFileType = sourcecode.swift; path = LabelImageView.swift; sourceTree = "<group>"; };
		B6E3E46B293688170036ECE2 /* RoundedCorners.swift */ = {isa = PBXFileReference; lastKnownFileType = sourcecode.swift; path = RoundedCorners.swift; sourceTree = "<group>"; };
		B6E9C6152937FAC60077A2FB /* TabView.swift */ = {isa = PBXFileReference; lastKnownFileType = sourcecode.swift; path = TabView.swift; sourceTree = "<group>"; };
		B6E9C624293A1BBF0077A2FB /* WeeklyStatusView.swift */ = {isa = PBXFileReference; lastKnownFileType = sourcecode.swift; path = WeeklyStatusView.swift; sourceTree = "<group>"; };
		B6E9C627293A1C490077A2FB /* Helpers.swift */ = {isa = PBXFileReference; fileEncoding = 4; lastKnownFileType = sourcecode.swift; path = Helpers.swift; sourceTree = "<group>"; };
		B6E9C629293A1C4A0077A2FB /* IndicatorPoint.swift */ = {isa = PBXFileReference; fileEncoding = 4; lastKnownFileType = sourcecode.swift; path = IndicatorPoint.swift; sourceTree = "<group>"; };
		B6E9C62A293A1C4A0077A2FB /* LineView.swift */ = {isa = PBXFileReference; fileEncoding = 4; lastKnownFileType = sourcecode.swift; path = LineView.swift; sourceTree = "<group>"; };
		B6E9C62B293A1C4A0077A2FB /* Legend.swift */ = {isa = PBXFileReference; fileEncoding = 4; lastKnownFileType = sourcecode.swift; path = Legend.swift; sourceTree = "<group>"; };
		B6E9C62C293A1C4A0077A2FB /* LineChartView.swift */ = {isa = PBXFileReference; fileEncoding = 4; lastKnownFileType = sourcecode.swift; path = LineChartView.swift; sourceTree = "<group>"; };
		B6E9C62D293A1C4A0077A2FB /* MagnifierRect.swift */ = {isa = PBXFileReference; fileEncoding = 4; lastKnownFileType = sourcecode.swift; path = MagnifierRect.swift; sourceTree = "<group>"; };
		B6E9C62E293A1C4A0077A2FB /* Path+QuadCurve.swift */ = {isa = PBXFileReference; fileEncoding = 4; lastKnownFileType = sourcecode.swift; path = "Path+QuadCurve.swift"; sourceTree = "<group>"; };
		B6E9C62F293A1C4A0077A2FB /* MultiLineChartView.swift */ = {isa = PBXFileReference; fileEncoding = 4; lastKnownFileType = sourcecode.swift; path = MultiLineChartView.swift; sourceTree = "<group>"; };
		B6E9C630293A1C4A0077A2FB /* Line.swift */ = {isa = PBXFileReference; fileEncoding = 4; lastKnownFileType = sourcecode.swift; path = Line.swift; sourceTree = "<group>"; };
		B6E9C632293A1C4A0077A2FB /* PieChartRow.swift */ = {isa = PBXFileReference; fileEncoding = 4; lastKnownFileType = sourcecode.swift; path = PieChartRow.swift; sourceTree = "<group>"; };
		B6E9C633293A1C4A0077A2FB /* PieChartHelpers.swift */ = {isa = PBXFileReference; fileEncoding = 4; lastKnownFileType = sourcecode.swift; path = PieChartHelpers.swift; sourceTree = "<group>"; };
		B6E9C634293A1C4A0077A2FB /* PieChartCell.swift */ = {isa = PBXFileReference; fileEncoding = 4; lastKnownFileType = sourcecode.swift; path = PieChartCell.swift; sourceTree = "<group>"; };
		B6E9C635293A1C4A0077A2FB /* PieChartView.swift */ = {isa = PBXFileReference; fileEncoding = 4; lastKnownFileType = sourcecode.swift; path = PieChartView.swift; sourceTree = "<group>"; };
		B6E9C637293A1C4A0077A2FB /* BarChartView.swift */ = {isa = PBXFileReference; fileEncoding = 4; lastKnownFileType = sourcecode.swift; path = BarChartView.swift; sourceTree = "<group>"; };
		B6E9C638293A1C4A0077A2FB /* BarChartRow.swift */ = {isa = PBXFileReference; fileEncoding = 4; lastKnownFileType = sourcecode.swift; path = BarChartRow.swift; sourceTree = "<group>"; };
		B6E9C639293A1C4A0077A2FB /* LabelView.swift */ = {isa = PBXFileReference; fileEncoding = 4; lastKnownFileType = sourcecode.swift; path = LabelView.swift; sourceTree = "<group>"; };
		B6E9C63A293A1C4A0077A2FB /* BarChartCell.swift */ = {isa = PBXFileReference; fileEncoding = 4; lastKnownFileType = sourcecode.swift; path = BarChartCell.swift; sourceTree = "<group>"; };
		B6E9C64D293A85500077A2FB /* CaloriesStatusView.swift */ = {isa = PBXFileReference; lastKnownFileType = sourcecode.swift; path = CaloriesStatusView.swift; sourceTree = "<group>"; };
		B6E9C64F293A855E0077A2FB /* LabelButtonView.swift */ = {isa = PBXFileReference; lastKnownFileType = sourcecode.swift; path = LabelButtonView.swift; sourceTree = "<group>"; };
		B6E9C652293A9CA20077A2FB /* WaterView.swift */ = {isa = PBXFileReference; lastKnownFileType = sourcecode.swift; path = WaterView.swift; sourceTree = "<group>"; };
		B6E9C655293AB04E0077A2FB /* MeasureView.swift */ = {isa = PBXFileReference; lastKnownFileType = sourcecode.swift; path = MeasureView.swift; sourceTree = "<group>"; };
		B6E9C658293B503A0077A2FB /* BodyMeasureView.swift */ = {isa = PBXFileReference; lastKnownFileType = sourcecode.swift; path = BodyMeasureView.swift; sourceTree = "<group>"; };
		B6E9C65B293B50500077A2FB /* ActivityView.swift */ = {isa = PBXFileReference; lastKnownFileType = sourcecode.swift; path = ActivityView.swift; sourceTree = "<group>"; };
/* End PBXFileReference section */

/* Begin PBXFrameworksBuildPhase section */
		44FAEB2328E7346A00A955EA /* Frameworks */ = {
			isa = PBXFrameworksBuildPhase;
			buildActionMask = 2147483647;
			files = (
			);
			runOnlyForDeploymentPostprocessing = 0;
		};
/* End PBXFrameworksBuildPhase section */

/* Begin PBXGroup section */
		44FAEB1D28E7346A00A955EA = {
			isa = PBXGroup;
			children = (
				44FAEB2828E7346A00A955EA /* TimetoLose */,
				44FAEB2728E7346A00A955EA /* Products */,
			);
			sourceTree = "<group>";
		};
		44FAEB2728E7346A00A955EA /* Products */ = {
			isa = PBXGroup;
			children = (
				44FAEB2628E7346A00A955EA /* TimetoLose.app */,
			);
			name = Products;
			sourceTree = "<group>";
		};
		44FAEB2828E7346A00A955EA /* TimetoLose */ = {
			isa = PBXGroup;
			children = (
				7CFF75682933707E001F0D5F /* UIComponents */,
				B6E3E43E29334B360036ECE2 /* Utilities */,
				B6E3E431293346110036ECE2 /* Features */,
				B6E3E426293343B80036ECE2 /* NetworkLayer */,
				7CFF757A293371C2001F0D5F /* Resources */,
				44FAEB2928E7346A00A955EA /* TimetoLoseApp.swift */,
				44FAEB2D28E7346D00A955EA /* Assets.xcassets */,
				44FAEB3228E7346D00A955EA /* Persistence.swift */,
				44FAEB3428E7346D00A955EA /* TimetoLose.xcdatamodeld */,
				44FAEB2F28E7346D00A955EA /* Preview Content */,
			);
			path = TimetoLose;
			sourceTree = "<group>";
		};
		44FAEB2F28E7346D00A955EA /* Preview Content */ = {
			isa = PBXGroup;
			children = (
				44FAEB3028E7346D00A955EA /* Preview Assets.xcassets */,
			);
			path = "Preview Content";
			sourceTree = "<group>";
		};
		7C0056BD2935C72E00CA6464 /* ComponentMultipleSelectionPrimaryButton */ = {
			isa = PBXGroup;
			children = (
				7C0056BE2935C74800CA6464 /* ComponentMultipleSelectionPrimaryButton.swift */,
			);
			path = ComponentMultipleSelectionPrimaryButton;
			sourceTree = "<group>";
		};
		7C0056C02935D02D00CA6464 /* GenderView */ = {
			isa = PBXGroup;
			children = (
				7C0056C12935D04000CA6464 /* GenderView.swift */,
			);
			path = GenderView;
			sourceTree = "<group>";
		};
		7C8571BF2936622F001154EF /* ActivityLevelView */ = {
			isa = PBXGroup;
			children = (
				7C8571C02936623E001154EF /* ActivityLevelView.swift */,
			);
			path = ActivityLevelView;
			sourceTree = "<group>";
		};
		7C8571C229366256001154EF /* ComponentButtonWithHintView */ = {
			isa = PBXGroup;
			children = (
				7C8571C329366286001154EF /* ComponentButtonWithHintView.swift */,
			);
			path = ComponentButtonWithHintView;
			sourceTree = "<group>";
		};
		7C8571C529366757001154EF /* SpecificDietView */ = {
			isa = PBXGroup;
			children = (
				7C8571C62936676B001154EF /* SpecificDietView.swift */,
			);
			path = SpecificDietView;
			sourceTree = "<group>";
		};
		7C8571C829366A0C001154EF /* AnySnackView */ = {
			isa = PBXGroup;
			children = (
				7C8571C929366A19001154EF /* AnySnackView.swift */,
			);
			path = AnySnackView;
			sourceTree = "<group>";
		};
		7C8571CB29366C4A001154EF /* AnyDiseaseView */ = {
			isa = PBXGroup;
			children = (
				7C8571CC29366C62001154EF /* AnyDiseaseView.swift */,
			);
			path = AnyDiseaseView;
			sourceTree = "<group>";
		};
		7CFF75682933707E001F0D5F /* UIComponents */ = {
			isa = PBXGroup;
			children = (
				B6E9C626293A1BC30077A2FB /* ChartView */,
				B6E3E457293562C60036ECE2 /* LabelImageView */,
				B6E3E445293384290036ECE2 /* ProcessCircleView */,
				7CFF756B2933713F001F0D5F /* Base */,
				7CFF756F29337177001F0D5F /* TextViews */,
				7CFF759C293379F6001F0D5F /* Buttons */,
				7CFF75A429337D25001F0D5F /* Others */,
			);
			path = UIComponents;
			sourceTree = "<group>";
		};
		7CFF756929337115001F0D5F /* Onboarding */ = {
			isa = PBXGroup;
			children = (
				7CFF756A2933712A001F0D5F /* GoalView */,
				7C0056C02935D02D00CA6464 /* GenderView */,
				7C8571BF2936622F001154EF /* ActivityLevelView */,
				7C8571C529366757001154EF /* SpecificDietView */,
				7C8571C829366A0C001154EF /* AnySnackView */,
				7C8571CB29366C4A001154EF /* AnyDiseaseView */,
			);
			path = Onboarding;
			sourceTree = "<group>";
		};
		7CFF756A2933712A001F0D5F /* GoalView */ = {
			isa = PBXGroup;
			children = (
				7CFF7596293375E3001F0D5F /* GoalView.swift */,
			);
			path = GoalView;
			sourceTree = "<group>";
		};
		7CFF756B2933713F001F0D5F /* Base */ = {
			isa = PBXGroup;
			children = (
				7CFF756C2933714F001F0D5F /* Protocols */,
			);
			path = Base;
			sourceTree = "<group>";
		};
		7CFF756C2933714F001F0D5F /* Protocols */ = {
			isa = PBXGroup;
			children = (
				7CFF756D2933715D001F0D5F /* BaseLabelProtocol.swift */,
			);
			path = Protocols;
			sourceTree = "<group>";
		};
		7CFF756F29337177001F0D5F /* TextViews */ = {
			isa = PBXGroup;
			children = (
				7CFF7574293371A3001F0D5F /* ComponentLabelBody */,
				7CFF7576293371A3001F0D5F /* ComponentLabelHeader */,
			);
			path = TextViews;
			sourceTree = "<group>";
		};
		7CFF7574293371A3001F0D5F /* ComponentLabelBody */ = {
			isa = PBXGroup;
			children = (
				7CFF7575293371A3001F0D5F /* ComponentLabelBody.swift */,
			);
			path = ComponentLabelBody;
			sourceTree = "<group>";
		};
		7CFF7576293371A3001F0D5F /* ComponentLabelHeader */ = {
			isa = PBXGroup;
			children = (
				7CFF7577293371A3001F0D5F /* ComponentLabelHeader.swift */,
			);
			path = ComponentLabelHeader;
			sourceTree = "<group>";
		};
		7CFF757A293371C2001F0D5F /* Resources */ = {
			isa = PBXGroup;
			children = (
				7CFF757B293371D0001F0D5F /* Fonts */,
				7CFF75922933737E001F0D5F /* Info.plist */,
				7CFF759A29337813001F0D5F /* Colors.xcassets */,
			);
			path = Resources;
			sourceTree = "<group>";
		};
		7CFF757B293371D0001F0D5F /* Fonts */ = {
			isa = PBXGroup;
			children = (
				7CFF757C293371D0001F0D5F /* Roboto-Medium.ttf */,
				7CFF757D293371D0001F0D5F /* Roboto-Light.ttf */,
				7CFF757E293371D0001F0D5F /* Roboto-Regular.ttf */,
				7CFF757F293371D0001F0D5F /* Roboto-MediumItalic.ttf */,
				7CFF7580293371D0001F0D5F /* Roboto-ThinItalic.ttf */,
				7CFF7581293371D0001F0D5F /* Roboto-LightItalic.ttf */,
				7CFF7582293371D0001F0D5F /* Roboto-Italic.ttf */,
				7CFF7583293371D0001F0D5F /* Roboto-BlackItalic.ttf */,
				7CFF7584293371D0001F0D5F /* Roboto-Bold.ttf */,
				7CFF7585293371D0001F0D5F /* Roboto-Thin.ttf */,
				7CFF7586293371D0001F0D5F /* Roboto-Black.ttf */,
			);
			path = Fonts;
			sourceTree = "<group>";
		};
		7CFF759329337449001F0D5F /* Extensions */ = {
			isa = PBXGroup;
			children = (
				7CFF75942933745C001F0D5F /* Font+Extension.swift */,
				7CFF75982933779E001F0D5F /* Color+Extension.swift */,
				7CFF75A029337A2A001F0D5F /* CGFloat+Extension.swift */,
				7CFF75A229337B9D001F0D5F /* UIScreen+Extension.swift */,
			);
			path = Extensions;
			sourceTree = "<group>";
		};
		7CFF759C293379F6001F0D5F /* Buttons */ = {
			isa = PBXGroup;
			children = (
				7C8571C229366256001154EF /* ComponentButtonWithHintView */,
				7C0056BD2935C72E00CA6464 /* ComponentMultipleSelectionPrimaryButton */,
				7CFF759D29337A03001F0D5F /* ComponentPrimaryButton */,
			);
			path = Buttons;
			sourceTree = "<group>";
		};
		7CFF759D29337A03001F0D5F /* ComponentPrimaryButton */ = {
			isa = PBXGroup;
			children = (
				7CFF759E29337A03001F0D5F /* ComponentPrimaryButton.swift */,
			);
			path = ComponentPrimaryButton;
			sourceTree = "<group>";
		};
		7CFF75A429337D25001F0D5F /* Others */ = {
			isa = PBXGroup;
			children = (
				B6E3E46A293687F30036ECE2 /* ComponentRoundedCorners */,
				7CFF75A529337D31001F0D5F /* ComponentDivider */,
				7CFF75A829337D36001F0D5F /* ComponentSpacer */,
			);
			path = Others;
			sourceTree = "<group>";
		};
		7CFF75A529337D31001F0D5F /* ComponentDivider */ = {
			isa = PBXGroup;
			children = (
				7CFF75A629337D31001F0D5F /* ComponentDivider.swift */,
			);
			path = ComponentDivider;
			sourceTree = "<group>";
		};
		7CFF75A829337D36001F0D5F /* ComponentSpacer */ = {
			isa = PBXGroup;
			children = (
				7CFF75A929337D36001F0D5F /* ComponentSpacer.swift */,
			);
			path = ComponentSpacer;
			sourceTree = "<group>";
		};
		B6E3E426293343B80036ECE2 /* NetworkLayer */ = {
			isa = PBXGroup;
			children = (
				B6E3E427293343D30036ECE2 /* NetworkConnection.swift */,
				B6E3E429293343DF0036ECE2 /* NetworkConstants.swift */,
				B6E3E42B293344010036ECE2 /* NetworkModel.swift */,
				B6E3E42D2933440F0036ECE2 /* ApiManager.swift */,
				B6E3E42F293345520036ECE2 /* Service.swift */,
			);
			path = NetworkLayer;
			sourceTree = "<group>";
		};
		B6E3E431293346110036ECE2 /* Features */ = {
			isa = PBXGroup;
			children = (
				B6E9C654293AAFA30077A2FB /* Measure */,
				B6E3E44B2933FD4D0036ECE2 /* BottomMenu */,
				7CFF756929337115001F0D5F /* Onboarding */,
				B6E3E433293346C50036ECE2 /* Dashboard */,
				B6E3E4322933468B0036ECE2 /* ProfileView */,
			);
			path = Features;
			sourceTree = "<group>";
		};
		B6E3E4322933468B0036ECE2 /* ProfileView */ = {
			isa = PBXGroup;
			children = (
				B6E3E4382933475A0036ECE2 /* ProfileView.swift */,
				B6E3E43A293347660036ECE2 /* ProfileModel.swift */,
				B6E3E43C293347750036ECE2 /* ProfileService.swift */,
			);
			path = ProfileView;
			sourceTree = "<group>";
		};
		B6E3E433293346C50036ECE2 /* Dashboard */ = {
			isa = PBXGroup;
			children = (
				B6E9C651293A9C960077A2FB /* WaterView */,
				B6E9C64C293A853C0077A2FB /* CaloriesStatus */,
				B6E9C623293A1BB30077A2FB /* WeeklyStatusView */,
				B6E3E45129354A860036ECE2 /* WeeklyStreakView */,
				B6E3E4482933935E0036ECE2 /* SummaryDayView */,
				B6E3E454293560430036ECE2 /* FoodRecipesView */,
				B6E3E434293347370036ECE2 /* DashboardView.swift */,
				B6E3E436293347490036ECE2 /* DashboardModel.swift */,
			);
			path = Dashboard;
			sourceTree = "<group>";
		};
		B6E3E43E29334B360036ECE2 /* Utilities */ = {
			isa = PBXGroup;
			children = (
				B6E3E43F29334B590036ECE2 /* AppText.swift */,
				B6E3E44129334B690036ECE2 /* AppIcon.swift */,
				7CFF759329337449001F0D5F /* Extensions */,
			);
			path = Utilities;
			sourceTree = "<group>";
		};
		B6E3E445293384290036ECE2 /* ProcessCircleView */ = {
			isa = PBXGroup;
			children = (
				B6E3E446293384400036ECE2 /* ProcessCircleView.swift */,
			);
			path = ProcessCircleView;
			sourceTree = "<group>";
		};
		B6E3E4482933935E0036ECE2 /* SummaryDayView */ = {
			isa = PBXGroup;
			children = (
				B6E3E449293393930036ECE2 /* SummaryDayView.swift */,
			);
			path = SummaryDayView;
			sourceTree = "<group>";
		};
		B6E3E44B2933FD4D0036ECE2 /* BottomMenu */ = {
			isa = PBXGroup;
			children = (
				B6E3E44C2933FD5C0036ECE2 /* BottomMenuView.swift */,
				B6E9C6152937FAC60077A2FB /* TabView.swift */,
			);
			path = BottomMenu;
			sourceTree = "<group>";
		};
		B6E3E45129354A860036ECE2 /* WeeklyStreakView */ = {
			isa = PBXGroup;
			children = (
				B6E3E45229354A9D0036ECE2 /* WeeklyStreakView.swift */,
			);
			path = WeeklyStreakView;
			sourceTree = "<group>";
		};
		B6E3E454293560430036ECE2 /* FoodRecipesView */ = {
			isa = PBXGroup;
			children = (
				B6E3E455293560540036ECE2 /* FoodRecipesView.swift */,
			);
			path = FoodRecipesView;
			sourceTree = "<group>";
		};
		B6E3E457293562C60036ECE2 /* LabelImageView */ = {
			isa = PBXGroup;
			children = (
				B6E3E458293562E60036ECE2 /* LabelImageView.swift */,
			);
			path = LabelImageView;
			sourceTree = "<group>";
		};
		B6E3E46A293687F30036ECE2 /* ComponentRoundedCorners */ = {
			isa = PBXGroup;
			children = (
				B6E3E46B293688170036ECE2 /* RoundedCorners.swift */,
			);
			path = ComponentRoundedCorners;
			sourceTree = "<group>";
		};
		B6E9C623293A1BB30077A2FB /* WeeklyStatusView */ = {
			isa = PBXGroup;
			children = (
				B6E9C624293A1BBF0077A2FB /* WeeklyStatusView.swift */,
			);
			path = WeeklyStatusView;
			sourceTree = "<group>";
		};
		B6E9C626293A1BC30077A2FB /* ChartView */ = {
			isa = PBXGroup;
			children = (
				B6E9C631293A1C4A0077A2FB /* PieChart */,
				B6E9C628293A1C4A0077A2FB /* LineChart */,
				B6E9C627293A1C490077A2FB /* Helpers.swift */,
				B6E9C636293A1C4A0077A2FB /* BarChart */,
			);
			path = ChartView;
			sourceTree = "<group>";
		};
		B6E9C628293A1C4A0077A2FB /* LineChart */ = {
			isa = PBXGroup;
			children = (
				B6E9C629293A1C4A0077A2FB /* IndicatorPoint.swift */,
				B6E9C62A293A1C4A0077A2FB /* LineView.swift */,
				B6E9C62B293A1C4A0077A2FB /* Legend.swift */,
				B6E9C62C293A1C4A0077A2FB /* LineChartView.swift */,
				B6E9C62D293A1C4A0077A2FB /* MagnifierRect.swift */,
				B6E9C62E293A1C4A0077A2FB /* Path+QuadCurve.swift */,
				B6E9C62F293A1C4A0077A2FB /* MultiLineChartView.swift */,
				B6E9C630293A1C4A0077A2FB /* Line.swift */,
			);
			path = LineChart;
			sourceTree = "<group>";
		};
		B6E9C631293A1C4A0077A2FB /* PieChart */ = {
			isa = PBXGroup;
			children = (
				B6E9C632293A1C4A0077A2FB /* PieChartRow.swift */,
				B6E9C633293A1C4A0077A2FB /* PieChartHelpers.swift */,
				B6E9C634293A1C4A0077A2FB /* PieChartCell.swift */,
				B6E9C635293A1C4A0077A2FB /* PieChartView.swift */,
			);
			path = PieChart;
			sourceTree = "<group>";
		};
		B6E9C636293A1C4A0077A2FB /* BarChart */ = {
			isa = PBXGroup;
			children = (
				B6E9C637293A1C4A0077A2FB /* BarChartView.swift */,
				B6E9C638293A1C4A0077A2FB /* BarChartRow.swift */,
				B6E9C639293A1C4A0077A2FB /* LabelView.swift */,
				B6E9C63A293A1C4A0077A2FB /* BarChartCell.swift */,
			);
			path = BarChart;
			sourceTree = "<group>";
		};
		B6E9C64C293A853C0077A2FB /* CaloriesStatus */ = {
			isa = PBXGroup;
			children = (
				B6E9C64D293A85500077A2FB /* CaloriesStatusView.swift */,
				B6E9C64F293A855E0077A2FB /* LabelButtonView.swift */,
			);
			path = CaloriesStatus;
			sourceTree = "<group>";
		};
		B6E9C651293A9C960077A2FB /* WaterView */ = {
			isa = PBXGroup;
			children = (
				B6E9C652293A9CA20077A2FB /* WaterView.swift */,
			);
			path = WaterView;
			sourceTree = "<group>";
		};
		B6E9C654293AAFA30077A2FB /* Measure */ = {
			isa = PBXGroup;
			children = (
				B6E9C65A293B503E0077A2FB /* ActivityView */,
				B6E9C657293B502D0077A2FB /* BodyMeasureView */,
				B6E9C655293AB04E0077A2FB /* MeasureView.swift */,
			);
			path = Measure;
			sourceTree = "<group>";
		};
		B6E9C657293B502D0077A2FB /* BodyMeasureView */ = {
			isa = PBXGroup;
			children = (
				B6E9C658293B503A0077A2FB /* BodyMeasureView.swift */,
			);
			path = BodyMeasureView;
			sourceTree = "<group>";
		};
		B6E9C65A293B503E0077A2FB /* ActivityView */ = {
			isa = PBXGroup;
			children = (
				B6E9C65B293B50500077A2FB /* ActivityView.swift */,
			);
			path = ActivityView;
			sourceTree = "<group>";
		};
/* End PBXGroup section */

/* Begin PBXNativeTarget section */
		44FAEB2528E7346A00A955EA /* TimetoLose */ = {
			isa = PBXNativeTarget;
			buildConfigurationList = 44FAEB3928E7346D00A955EA /* Build configuration list for PBXNativeTarget "TimetoLose" */;
			buildPhases = (
				44FAEB2228E7346A00A955EA /* Sources */,
				44FAEB2328E7346A00A955EA /* Frameworks */,
				44FAEB2428E7346A00A955EA /* Resources */,
			);
			buildRules = (
			);
			dependencies = (
			);
			name = TimetoLose;
			productName = TimetoLose;
			productReference = 44FAEB2628E7346A00A955EA /* TimetoLose.app */;
			productType = "com.apple.product-type.application";
		};
/* End PBXNativeTarget section */

/* Begin PBXProject section */
		44FAEB1E28E7346A00A955EA /* Project object */ = {
			isa = PBXProject;
			attributes = {
				BuildIndependentTargetsInParallel = 1;
				LastSwiftUpdateCheck = 1320;
				LastUpgradeCheck = 1320;
				TargetAttributes = {
					44FAEB2528E7346A00A955EA = {
						CreatedOnToolsVersion = 13.2.1;
					};
				};
			};
			buildConfigurationList = 44FAEB2128E7346A00A955EA /* Build configuration list for PBXProject "TimetoLose" */;
			compatibilityVersion = "Xcode 13.0";
			developmentRegion = en;
			hasScannedForEncodings = 0;
			knownRegions = (
				en,
				Base,
			);
			mainGroup = 44FAEB1D28E7346A00A955EA;
			productRefGroup = 44FAEB2728E7346A00A955EA /* Products */;
			projectDirPath = "";
			projectRoot = "";
			targets = (
				44FAEB2528E7346A00A955EA /* TimetoLose */,
			);
		};
/* End PBXProject section */

/* Begin PBXResourcesBuildPhase section */
		44FAEB2428E7346A00A955EA /* Resources */ = {
			isa = PBXResourcesBuildPhase;
			buildActionMask = 2147483647;
			files = (
				44FAEB3128E7346D00A955EA /* Preview Assets.xcassets in Resources */,
				7CFF758D293371D0001F0D5F /* Roboto-Italic.ttf in Resources */,
				44FAEB2E28E7346D00A955EA /* Assets.xcassets in Resources */,
				7CFF758C293371D0001F0D5F /* Roboto-LightItalic.ttf in Resources */,
				7CFF758F293371D0001F0D5F /* Roboto-Bold.ttf in Resources */,
				7CFF7589293371D0001F0D5F /* Roboto-Regular.ttf in Resources */,
				7CFF758B293371D0001F0D5F /* Roboto-ThinItalic.ttf in Resources */,
				7CFF7588293371D0001F0D5F /* Roboto-Light.ttf in Resources */,
				7CFF7590293371D0001F0D5F /* Roboto-Thin.ttf in Resources */,
				7CFF7591293371D0001F0D5F /* Roboto-Black.ttf in Resources */,
				7CFF758E293371D0001F0D5F /* Roboto-BlackItalic.ttf in Resources */,
				7CFF758A293371D0001F0D5F /* Roboto-MediumItalic.ttf in Resources */,
				7CFF7587293371D0001F0D5F /* Roboto-Medium.ttf in Resources */,
				7CFF759B29337813001F0D5F /* Colors.xcassets in Resources */,
			);
			runOnlyForDeploymentPostprocessing = 0;
		};
/* End PBXResourcesBuildPhase section */

/* Begin PBXSourcesBuildPhase section */
		44FAEB2228E7346A00A955EA /* Sources */ = {
			isa = PBXSourcesBuildPhase;
			buildActionMask = 2147483647;
			files = (
				7C8571CD29366C62001154EF /* AnyDiseaseView.swift in Sources */,
				B6E3E42A293343DF0036ECE2 /* NetworkConstants.swift in Sources */,
				B6E9C653293A9CA20077A2FB /* WaterView.swift in Sources */,
				B6E3E437293347490036ECE2 /* DashboardModel.swift in Sources */,
				7C8571CA29366A19001154EF /* AnySnackView.swift in Sources */,
				B6E9C649293A1C4A0077A2FB /* BarChartRow.swift in Sources */,
				B6E9C650293A855E0077A2FB /* LabelButtonView.swift in Sources */,
				B6E3E46C293688170036ECE2 /* RoundedCorners.swift in Sources */,
				B6E9C642293A1C4A0077A2FB /* MultiLineChartView.swift in Sources */,
				7CFF75A129337A2A001F0D5F /* CGFloat+Extension.swift in Sources */,
				7CFF7579293371A3001F0D5F /* ComponentLabelHeader.swift in Sources */,
				44FAEB3628E7346D00A955EA /* TimetoLose.xcdatamodeld in Sources */,
				7CFF759F29337A03001F0D5F /* ComponentPrimaryButton.swift in Sources */,
				B6E9C645293A1C4A0077A2FB /* PieChartHelpers.swift in Sources */,
				7C8571C12936623E001154EF /* ActivityLevelView.swift in Sources */,
				B6E9C63F293A1C4A0077A2FB /* LineChartView.swift in Sources */,
				B6E9C641293A1C4A0077A2FB /* Path+QuadCurve.swift in Sources */,
				B6E3E43B293347660036ECE2 /* ProfileModel.swift in Sources */,
				7CFF75A729337D31001F0D5F /* ComponentDivider.swift in Sources */,
				B6E3E43D293347750036ECE2 /* ProfileService.swift in Sources */,
				B6E3E44A293393930036ECE2 /* SummaryDayView.swift in Sources */,
				B6E9C63C293A1C4A0077A2FB /* IndicatorPoint.swift in Sources */,
				B6E3E459293562E60036ECE2 /* LabelImageView.swift in Sources */,
				7CFF75952933745C001F0D5F /* Font+Extension.swift in Sources */,
				B6E9C644293A1C4A0077A2FB /* PieChartRow.swift in Sources */,
				B6E3E44229334B690036ECE2 /* AppIcon.swift in Sources */,
				B6E9C64E293A85500077A2FB /* CaloriesStatusView.swift in Sources */,
				B6E9C63B293A1C4A0077A2FB /* Helpers.swift in Sources */,
				B6E9C65C293B50500077A2FB /* ActivityView.swift in Sources */,
				B6E3E44D2933FD5C0036ECE2 /* BottomMenuView.swift in Sources */,
				B6E3E4392933475A0036ECE2 /* ProfileView.swift in Sources */,
				B6E9C647293A1C4A0077A2FB /* PieChartView.swift in Sources */,
				B6E3E447293384400036ECE2 /* ProcessCircleView.swift in Sources */,
				7CFF75992933779E001F0D5F /* Color+Extension.swift in Sources */,
				B6E9C63D293A1C4A0077A2FB /* LineView.swift in Sources */,
				B6E3E42E2933440F0036ECE2 /* ApiManager.swift in Sources */,
				B6E3E45329354A9D0036ECE2 /* WeeklyStreakView.swift in Sources */,
				B6E9C625293A1BBF0077A2FB /* WeeklyStatusView.swift in Sources */,
				7C0056BF2935C74800CA6464 /* ComponentMultipleSelectionPrimaryButton.swift in Sources */,
				B6E9C63E293A1C4A0077A2FB /* Legend.swift in Sources */,
				B6E9C640293A1C4A0077A2FB /* MagnifierRect.swift in Sources */,
				44FAEB3328E7346D00A955EA /* Persistence.swift in Sources */,
				B6E3E428293343D30036ECE2 /* NetworkConnection.swift in Sources */,
				B6E9C6162937FAC60077A2FB /* TabView.swift in Sources */,
				B6E9C659293B503A0077A2FB /* BodyMeasureView.swift in Sources */,
				B6E9C656293AB04E0077A2FB /* MeasureView.swift in Sources */,
				B6E9C648293A1C4A0077A2FB /* BarChartView.swift in Sources */,
				B6E9C64B293A1C4A0077A2FB /* BarChartCell.swift in Sources */,
				B6E9C643293A1C4A0077A2FB /* Line.swift in Sources */,
				7CFF75A329337B9D001F0D5F /* UIScreen+Extension.swift in Sources */,
				B6E3E430293345520036ECE2 /* Service.swift in Sources */,
				7CFF756E2933715D001F0D5F /* BaseLabelProtocol.swift in Sources */,
				7C0056C22935D04000CA6464 /* GenderView.swift in Sources */,
				7C8571C429366286001154EF /* ComponentButtonWithHintView.swift in Sources */,
				B6E3E435293347370036ECE2 /* DashboardView.swift in Sources */,
				7C8571C72936676B001154EF /* SpecificDietView.swift in Sources */,
				B6E3E42C293344010036ECE2 /* NetworkModel.swift in Sources */,
				B6E3E44029334B590036ECE2 /* AppText.swift in Sources */,
				7CFF7578293371A3001F0D5F /* ComponentLabelBody.swift in Sources */,
				7CFF7597293375E3001F0D5F /* GoalView.swift in Sources */,
				7CFF75AA29337D36001F0D5F /* ComponentSpacer.swift in Sources */,
				B6E3E456293560540036ECE2 /* FoodRecipesView.swift in Sources */,
				B6E9C64A293A1C4A0077A2FB /* LabelView.swift in Sources */,
				44FAEB2A28E7346A00A955EA /* TimetoLoseApp.swift in Sources */,
				B6E9C646293A1C4A0077A2FB /* PieChartCell.swift in Sources */,
			);
			runOnlyForDeploymentPostprocessing = 0;
		};
/* End PBXSourcesBuildPhase section */

/* Begin XCBuildConfiguration section */
		44FAEB3728E7346D00A955EA /* Debug */ = {
			isa = XCBuildConfiguration;
			buildSettings = {
				ALWAYS_SEARCH_USER_PATHS = NO;
				CLANG_ANALYZER_NONNULL = YES;
				CLANG_ANALYZER_NUMBER_OBJECT_CONVERSION = YES_AGGRESSIVE;
				CLANG_CXX_LANGUAGE_STANDARD = "gnu++17";
				CLANG_CXX_LIBRARY = "libc++";
				CLANG_ENABLE_MODULES = YES;
				CLANG_ENABLE_OBJC_ARC = YES;
				CLANG_ENABLE_OBJC_WEAK = YES;
				CLANG_WARN_BLOCK_CAPTURE_AUTORELEASING = YES;
				CLANG_WARN_BOOL_CONVERSION = YES;
				CLANG_WARN_COMMA = YES;
				CLANG_WARN_CONSTANT_CONVERSION = YES;
				CLANG_WARN_DEPRECATED_OBJC_IMPLEMENTATIONS = YES;
				CLANG_WARN_DIRECT_OBJC_ISA_USAGE = YES_ERROR;
				CLANG_WARN_DOCUMENTATION_COMMENTS = YES;
				CLANG_WARN_EMPTY_BODY = YES;
				CLANG_WARN_ENUM_CONVERSION = YES;
				CLANG_WARN_INFINITE_RECURSION = YES;
				CLANG_WARN_INT_CONVERSION = YES;
				CLANG_WARN_NON_LITERAL_NULL_CONVERSION = YES;
				CLANG_WARN_OBJC_IMPLICIT_RETAIN_SELF = YES;
				CLANG_WARN_OBJC_LITERAL_CONVERSION = YES;
				CLANG_WARN_OBJC_ROOT_CLASS = YES_ERROR;
				CLANG_WARN_QUOTED_INCLUDE_IN_FRAMEWORK_HEADER = YES;
				CLANG_WARN_RANGE_LOOP_ANALYSIS = YES;
				CLANG_WARN_STRICT_PROTOTYPES = YES;
				CLANG_WARN_SUSPICIOUS_MOVE = YES;
				CLANG_WARN_UNGUARDED_AVAILABILITY = YES_AGGRESSIVE;
				CLANG_WARN_UNREACHABLE_CODE = YES;
				CLANG_WARN__DUPLICATE_METHOD_MATCH = YES;
				COPY_PHASE_STRIP = NO;
				DEBUG_INFORMATION_FORMAT = dwarf;
				ENABLE_STRICT_OBJC_MSGSEND = YES;
				ENABLE_TESTABILITY = YES;
				GCC_C_LANGUAGE_STANDARD = gnu11;
				GCC_DYNAMIC_NO_PIC = NO;
				GCC_NO_COMMON_BLOCKS = YES;
				GCC_OPTIMIZATION_LEVEL = 0;
				GCC_PREPROCESSOR_DEFINITIONS = (
					"DEBUG=1",
					"$(inherited)",
				);
				GCC_WARN_64_TO_32_BIT_CONVERSION = YES;
				GCC_WARN_ABOUT_RETURN_TYPE = YES_ERROR;
				GCC_WARN_UNDECLARED_SELECTOR = YES;
				GCC_WARN_UNINITIALIZED_AUTOS = YES_AGGRESSIVE;
				GCC_WARN_UNUSED_FUNCTION = YES;
				GCC_WARN_UNUSED_VARIABLE = YES;
				IPHONEOS_DEPLOYMENT_TARGET = 15.2;
				MTL_ENABLE_DEBUG_INFO = INCLUDE_SOURCE;
				MTL_FAST_MATH = YES;
				ONLY_ACTIVE_ARCH = YES;
				SDKROOT = iphoneos;
				SWIFT_ACTIVE_COMPILATION_CONDITIONS = DEBUG;
				SWIFT_OPTIMIZATION_LEVEL = "-Onone";
			};
			name = Debug;
		};
		44FAEB3828E7346D00A955EA /* Release */ = {
			isa = XCBuildConfiguration;
			buildSettings = {
				ALWAYS_SEARCH_USER_PATHS = NO;
				CLANG_ANALYZER_NONNULL = YES;
				CLANG_ANALYZER_NUMBER_OBJECT_CONVERSION = YES_AGGRESSIVE;
				CLANG_CXX_LANGUAGE_STANDARD = "gnu++17";
				CLANG_CXX_LIBRARY = "libc++";
				CLANG_ENABLE_MODULES = YES;
				CLANG_ENABLE_OBJC_ARC = YES;
				CLANG_ENABLE_OBJC_WEAK = YES;
				CLANG_WARN_BLOCK_CAPTURE_AUTORELEASING = YES;
				CLANG_WARN_BOOL_CONVERSION = YES;
				CLANG_WARN_COMMA = YES;
				CLANG_WARN_CONSTANT_CONVERSION = YES;
				CLANG_WARN_DEPRECATED_OBJC_IMPLEMENTATIONS = YES;
				CLANG_WARN_DIRECT_OBJC_ISA_USAGE = YES_ERROR;
				CLANG_WARN_DOCUMENTATION_COMMENTS = YES;
				CLANG_WARN_EMPTY_BODY = YES;
				CLANG_WARN_ENUM_CONVERSION = YES;
				CLANG_WARN_INFINITE_RECURSION = YES;
				CLANG_WARN_INT_CONVERSION = YES;
				CLANG_WARN_NON_LITERAL_NULL_CONVERSION = YES;
				CLANG_WARN_OBJC_IMPLICIT_RETAIN_SELF = YES;
				CLANG_WARN_OBJC_LITERAL_CONVERSION = YES;
				CLANG_WARN_OBJC_ROOT_CLASS = YES_ERROR;
				CLANG_WARN_QUOTED_INCLUDE_IN_FRAMEWORK_HEADER = YES;
				CLANG_WARN_RANGE_LOOP_ANALYSIS = YES;
				CLANG_WARN_STRICT_PROTOTYPES = YES;
				CLANG_WARN_SUSPICIOUS_MOVE = YES;
				CLANG_WARN_UNGUARDED_AVAILABILITY = YES_AGGRESSIVE;
				CLANG_WARN_UNREACHABLE_CODE = YES;
				CLANG_WARN__DUPLICATE_METHOD_MATCH = YES;
				COPY_PHASE_STRIP = NO;
				DEBUG_INFORMATION_FORMAT = "dwarf-with-dsym";
				ENABLE_NS_ASSERTIONS = NO;
				ENABLE_STRICT_OBJC_MSGSEND = YES;
				GCC_C_LANGUAGE_STANDARD = gnu11;
				GCC_NO_COMMON_BLOCKS = YES;
				GCC_WARN_64_TO_32_BIT_CONVERSION = YES;
				GCC_WARN_ABOUT_RETURN_TYPE = YES_ERROR;
				GCC_WARN_UNDECLARED_SELECTOR = YES;
				GCC_WARN_UNINITIALIZED_AUTOS = YES_AGGRESSIVE;
				GCC_WARN_UNUSED_FUNCTION = YES;
				GCC_WARN_UNUSED_VARIABLE = YES;
				IPHONEOS_DEPLOYMENT_TARGET = 15.2;
				MTL_ENABLE_DEBUG_INFO = NO;
				MTL_FAST_MATH = YES;
				SDKROOT = iphoneos;
				SWIFT_COMPILATION_MODE = wholemodule;
				SWIFT_OPTIMIZATION_LEVEL = "-O";
				VALIDATE_PRODUCT = YES;
			};
			name = Release;
		};
		44FAEB3A28E7346D00A955EA /* Debug */ = {
			isa = XCBuildConfiguration;
			buildSettings = {
				ASSETCATALOG_COMPILER_APPICON_NAME = AppIcon;
				ASSETCATALOG_COMPILER_GLOBAL_ACCENT_COLOR_NAME = AccentColor;
				CODE_SIGN_STYLE = Automatic;
				CURRENT_PROJECT_VERSION = 1;
				DEVELOPMENT_ASSET_PATHS = "\"TimetoLose/Preview Content\"";
				ENABLE_PREVIEWS = YES;
				GENERATE_INFOPLIST_FILE = YES;
				INFOPLIST_FILE = TimetoLose/Resources/Info.plist;
				INFOPLIST_KEY_UIApplicationSceneManifest_Generation = YES;
				INFOPLIST_KEY_UIApplicationSupportsIndirectInputEvents = YES;
				INFOPLIST_KEY_UILaunchScreen_Generation = YES;
				INFOPLIST_KEY_UISupportedInterfaceOrientations_iPad = "UIInterfaceOrientationPortrait UIInterfaceOrientationPortraitUpsideDown UIInterfaceOrientationLandscapeLeft UIInterfaceOrientationLandscapeRight";
				INFOPLIST_KEY_UISupportedInterfaceOrientations_iPhone = "UIInterfaceOrientationPortrait UIInterfaceOrientationLandscapeLeft UIInterfaceOrientationLandscapeRight";
				LD_RUNPATH_SEARCH_PATHS = (
					"$(inherited)",
					"@executable_path/Frameworks",
				);
				MARKETING_VERSION = 1.0;
				PRODUCT_BUNDLE_IDENTIFIER = professional.TimetoLose;
				PRODUCT_NAME = "$(TARGET_NAME)";
				SWIFT_EMIT_LOC_STRINGS = YES;
				SWIFT_VERSION = 5.0;
				TARGETED_DEVICE_FAMILY = "1,2";
			};
			name = Debug;
		};
		44FAEB3B28E7346D00A955EA /* Release */ = {
			isa = XCBuildConfiguration;
			buildSettings = {
				ASSETCATALOG_COMPILER_APPICON_NAME = AppIcon;
				ASSETCATALOG_COMPILER_GLOBAL_ACCENT_COLOR_NAME = AccentColor;
				CODE_SIGN_STYLE = Automatic;
				CURRENT_PROJECT_VERSION = 1;
				DEVELOPMENT_ASSET_PATHS = "\"TimetoLose/Preview Content\"";
				ENABLE_PREVIEWS = YES;
				GENERATE_INFOPLIST_FILE = YES;
				INFOPLIST_FILE = TimetoLose/Resources/Info.plist;
				INFOPLIST_KEY_UIApplicationSceneManifest_Generation = YES;
				INFOPLIST_KEY_UIApplicationSupportsIndirectInputEvents = YES;
				INFOPLIST_KEY_UILaunchScreen_Generation = YES;
				INFOPLIST_KEY_UISupportedInterfaceOrientations_iPad = "UIInterfaceOrientationPortrait UIInterfaceOrientationPortraitUpsideDown UIInterfaceOrientationLandscapeLeft UIInterfaceOrientationLandscapeRight";
				INFOPLIST_KEY_UISupportedInterfaceOrientations_iPhone = "UIInterfaceOrientationPortrait UIInterfaceOrientationLandscapeLeft UIInterfaceOrientationLandscapeRight";
				LD_RUNPATH_SEARCH_PATHS = (
					"$(inherited)",
					"@executable_path/Frameworks",
				);
				MARKETING_VERSION = 1.0;
				PRODUCT_BUNDLE_IDENTIFIER = professional.TimetoLose;
				PRODUCT_NAME = "$(TARGET_NAME)";
				SWIFT_EMIT_LOC_STRINGS = YES;
				SWIFT_VERSION = 5.0;
				TARGETED_DEVICE_FAMILY = "1,2";
			};
			name = Release;
		};
/* End XCBuildConfiguration section */

/* Begin XCConfigurationList section */
		44FAEB2128E7346A00A955EA /* Build configuration list for PBXProject "TimetoLose" */ = {
			isa = XCConfigurationList;
			buildConfigurations = (
				44FAEB3728E7346D00A955EA /* Debug */,
				44FAEB3828E7346D00A955EA /* Release */,
			);
			defaultConfigurationIsVisible = 0;
			defaultConfigurationName = Release;
		};
		44FAEB3928E7346D00A955EA /* Build configuration list for PBXNativeTarget "TimetoLose" */ = {
			isa = XCConfigurationList;
			buildConfigurations = (
				44FAEB3A28E7346D00A955EA /* Debug */,
				44FAEB3B28E7346D00A955EA /* Release */,
			);
			defaultConfigurationIsVisible = 0;
			defaultConfigurationName = Release;
		};
/* End XCConfigurationList section */

/* Begin XCVersionGroup section */
		44FAEB3428E7346D00A955EA /* TimetoLose.xcdatamodeld */ = {
			isa = XCVersionGroup;
			children = (
				44FAEB3528E7346D00A955EA /* TimetoLose.xcdatamodel */,
			);
			currentVersion = 44FAEB3528E7346D00A955EA /* TimetoLose.xcdatamodel */;
			path = TimetoLose.xcdatamodeld;
			sourceTree = "<group>";
			versionGroupType = wrapper.xcdatamodel;
		};
/* End XCVersionGroup section */
	};
	rootObject = 44FAEB1E28E7346A00A955EA /* Project object */;
}
